// !$*UTF8*$!
{
	archiveVersion = 1;
	classes = {
	};
	objectVersion = 50;
	objects = {

/* Begin PBXBuildFile section */
		B62CAC0D2A6A781E005AD7AB /* AppDelegate.swift in Sources */ = {isa = PBXBuildFile; fileRef = B62CAC0C2A6A781E005AD7AB /* AppDelegate.swift */; };
		B62CAC0F2A6A781E005AD7AB /* SceneDelegate.swift in Sources */ = {isa = PBXBuildFile; fileRef = B62CAC0E2A6A781E005AD7AB /* SceneDelegate.swift */; };
		B62CAC112A6A781E005AD7AB /* CalculatorViewController.swift in Sources */ = {isa = PBXBuildFile; fileRef = B62CAC102A6A781E005AD7AB /* CalculatorViewController.swift */; };
		B62CAC142A6A781E005AD7AB /* Main.storyboard in Resources */ = {isa = PBXBuildFile; fileRef = B62CAC122A6A781E005AD7AB /* Main.storyboard */; };
		B62CAC162A6A7820005AD7AB /* Assets.xcassets in Resources */ = {isa = PBXBuildFile; fileRef = B62CAC152A6A7820005AD7AB /* Assets.xcassets */; };
		B62CAC192A6A7820005AD7AB /* LaunchScreen.storyboard in Resources */ = {isa = PBXBuildFile; fileRef = B62CAC172A6A7820005AD7AB /* LaunchScreen.storyboard */; };
		B6FB29D72A6BB2BE00F94208 /* ResultsViewController.swift in Sources */ = {isa = PBXBuildFile; fileRef = B6FB29D62A6BB2BE00F94208 /* ResultsViewController.swift */; };
/* End PBXBuildFile section */

/* Begin PBXFileReference section */
		B62CAC092A6A781E005AD7AB /* TipSee.app */ = {isa = PBXFileReference; explicitFileType = wrapper.application; includeInIndex = 0; path = TipSee.app; sourceTree = BUILT_PRODUCTS_DIR; };
		B62CAC0C2A6A781E005AD7AB /* AppDelegate.swift */ = {isa = PBXFileReference; lastKnownFileType = sourcecode.swift; path = AppDelegate.swift; sourceTree = "<group>"; };
		B62CAC0E2A6A781E005AD7AB /* SceneDelegate.swift */ = {isa = PBXFileReference; lastKnownFileType = sourcecode.swift; path = SceneDelegate.swift; sourceTree = "<group>"; };
		B62CAC102A6A781E005AD7AB /* CalculatorViewController.swift */ = {isa = PBXFileReference; lastKnownFileType = sourcecode.swift; path = CalculatorViewController.swift; sourceTree = "<group>"; };
		B62CAC132A6A781E005AD7AB /* Base */ = {isa = PBXFileReference; lastKnownFileType = file.storyboard; name = Base; path = Base.lproj/Main.storyboard; sourceTree = "<group>"; };
		B62CAC152A6A7820005AD7AB /* Assets.xcassets */ = {isa = PBXFileReference; lastKnownFileType = folder.assetcatalog; path = Assets.xcassets; sourceTree = "<group>"; };
		B62CAC182A6A7820005AD7AB /* Base */ = {isa = PBXFileReference; lastKnownFileType = file.storyboard; name = Base; path = Base.lproj/LaunchScreen.storyboard; sourceTree = "<group>"; };
		B62CAC1A2A6A7820005AD7AB /* Info.plist */ = {isa = PBXFileReference; lastKnownFileType = text.plist.xml; path = Info.plist; sourceTree = "<group>"; };
		B6FB29D62A6BB2BE00F94208 /* ResultsViewController.swift */ = {isa = PBXFileReference; lastKnownFileType = sourcecode.swift; path = ResultsViewController.swift; sourceTree = "<group>"; };
/* End PBXFileReference section */

/* Begin PBXFrameworksBuildPhase section */
		B62CAC062A6A781E005AD7AB /* Frameworks */ = {
			isa = PBXFrameworksBuildPhase;
			buildActionMask = 2147483647;
			files = (
			);
			runOnlyForDeploymentPostprocessing = 0;
		};
/* End PBXFrameworksBuildPhase section */

/* Begin PBXGroup section */
		B62CAC002A6A781E005AD7AB = {
			isa = PBXGroup;
			children = (
				B62CAC0B2A6A781E005AD7AB /* TipSee */,
				B62CAC0A2A6A781E005AD7AB /* Products */,
			);
			sourceTree = "<group>";
		};
		B62CAC0A2A6A781E005AD7AB /* Products */ = {
			isa = PBXGroup;
			children = (
				B62CAC092A6A781E005AD7AB /* TipSee.app */,
			);
			name = Products;
			sourceTree = "<group>";
		};
		B62CAC0B2A6A781E005AD7AB /* TipSee */ = {
			isa = PBXGroup;
			children = (
				B62CAC0C2A6A781E005AD7AB /* AppDelegate.swift */,
				B62CAC0E2A6A781E005AD7AB /* SceneDelegate.swift */,
				B6FB29D32A6BAFEA00F94208 /* Controllers */,
				B62CAC122A6A781E005AD7AB /* Main.storyboard */,
				B62CAC152A6A7820005AD7AB /* Assets.xcassets */,
				B62CAC172A6A7820005AD7AB /* LaunchScreen.storyboard */,
				B62CAC1A2A6A7820005AD7AB /* Info.plist */,
			);
			path = TipSee;
			sourceTree = "<group>";
		};
		B6FB29D32A6BAFEA00F94208 /* Controllers */ = {
			isa = PBXGroup;
			children = (
				B62CAC102A6A781E005AD7AB /* CalculatorViewController.swift */,
				B6FB29D62A6BB2BE00F94208 /* ResultsViewController.swift */,
			);
			path = Controllers;
			sourceTree = "<group>";
		};
/* End PBXGroup section */

/* Begin PBXNativeTarget section */
		B62CAC082A6A781E005AD7AB /* TipSee */ = {
			isa = PBXNativeTarget;
			buildConfigurationList = B62CAC1D2A6A7820005AD7AB /* Build configuration list for PBXNativeTarget "TipSee" */;
			buildPhases = (
				B62CAC052A6A781E005AD7AB /* Sources */,
				B62CAC062A6A781E005AD7AB /* Frameworks */,
				B62CAC072A6A781E005AD7AB /* Resources */,
			);
			buildRules = (
			);
			dependencies = (
			);
			name = TipSee;
			productName = TipSee;
			productReference = B62CAC092A6A781E005AD7AB /* TipSee.app */;
			productType = "com.apple.product-type.application";
		};
/* End PBXNativeTarget section */

/* Begin PBXProject section */
		B62CAC012A6A781E005AD7AB /* Project object */ = {
			isa = PBXProject;
			attributes = {
				LastSwiftUpdateCheck = 1210;
				LastUpgradeCheck = 1210;
				TargetAttributes = {
					B62CAC082A6A781E005AD7AB = {
						CreatedOnToolsVersion = 12.1;
					};
				};
			};
			buildConfigurationList = B62CAC042A6A781E005AD7AB /* Build configuration list for PBXProject "TipSee" */;
			compatibilityVersion = "Xcode 9.3";
			developmentRegion = en;
			hasScannedForEncodings = 0;
			knownRegions = (
				en,
				Base,
			);
			mainGroup = B62CAC002A6A781E005AD7AB;
			productRefGroup = B62CAC0A2A6A781E005AD7AB /* Products */;
			projectDirPath = "";
			projectRoot = "";
			targets = (
				B62CAC082A6A781E005AD7AB /* TipSee */,
			);
		};
/* End PBXProject section */

/* Begin PBXResourcesBuildPhase section */
		B62CAC072A6A781E005AD7AB /* Resources */ = {
			isa = PBXResourcesBuildPhase;
			buildActionMask = 2147483647;
			files = (
				B62CAC192A6A7820005AD7AB /* LaunchScreen.storyboard in Resources */,
				B62CAC162A6A7820005AD7AB /* Assets.xcassets in Resources */,
				B62CAC142A6A781E005AD7AB /* Main.storyboard in Resources */,
			);
			runOnlyForDeploymentPostprocessing = 0;
		};
/* End PBXResourcesBuildPhase section */

/* Begin PBXSourcesBuildPhase section */
		B62CAC052A6A781E005AD7AB /* Sources */ = {
			isa = PBXSourcesBuildPhase;
			buildActionMask = 2147483647;
			files = (
				B62CAC112A6A781E005AD7AB /* CalculatorViewController.swift in Sources */,
				B62CAC0D2A6A781E005AD7AB /* AppDelegate.swift in Sources */,
				B62CAC0F2A6A781E005AD7AB /* SceneDelegate.swift in Sources */,
				B6FB29D72A6BB2BE00F94208 /* ResultsViewController.swift in Sources */,
			);
			runOnlyForDeploymentPostprocessing = 0;
		};
/* End PBXSourcesBuildPhase section */

/* Begin PBXVariantGroup section */
		B62CAC122A6A781E005AD7AB /* Main.storyboard */ = {
			isa = PBXVariantGroup;
			children = (
				B62CAC132A6A781E005AD7AB /* Base */,
			);
			name = Main.storyboard;
			sourceTree = "<group>";
		};
		B62CAC172A6A7820005AD7AB /* LaunchScreen.storyboard */ = {
			isa = PBXVariantGroup;
			children = (
				B62CAC182A6A7820005AD7AB /* Base */,
			);
			name = LaunchScreen.storyboard;
			sourceTree = "<group>";
		};
/* End PBXVariantGroup section */

/* Begin XCBuildConfiguration section */
		B62CAC1B2A6A7820005AD7AB /* Debug */ = {
			isa = XCBuildConfiguration;
			buildSettings = {
				ALWAYS_SEARCH_USER_PATHS = NO;
				CLANG_ANALYZER_NONNULL = YES;
				CLANG_ANALYZER_NUMBER_OBJECT_CONVERSION = YES_AGGRESSIVE;
				CLANG_CXX_LANGUAGE_STANDARD = "gnu++14";
				CLANG_CXX_LIBRARY = "libc++";
				CLANG_ENABLE_MODULES = YES;
				CLANG_ENABLE_OBJC_ARC = YES;
				CLANG_ENABLE_OBJC_WEAK = YES;
				CLANG_WARN_BLOCK_CAPTURE_AUTORELEASING = YES;
				CLANG_WARN_BOOL_CONVERSION = YES;
				CLANG_WARN_COMMA = YES;
				CLANG_WARN_CONSTANT_CONVERSION = YES;
				CLANG_WARN_DEPRECATED_OBJC_IMPLEMENTATIONS = YES;
				CLANG_WARN_DIRECT_OBJC_ISA_USAGE = YES_ERROR;
				CLANG_WARN_DOCUMENTATION_COMMENTS = YES;
				CLANG_WARN_EMPTY_BODY = YES;
				CLANG_WARN_ENUM_CONVERSION = YES;
				CLANG_WARN_INFINITE_RECURSION = YES;
				CLANG_WARN_INT_CONVERSION = YES;
				CLANG_WARN_NON_LITERAL_NULL_CONVERSION = YES;
				CLANG_WARN_OBJC_IMPLICIT_RETAIN_SELF = YES;
				CLANG_WARN_OBJC_LITERAL_CONVERSION = YES;
				CLANG_WARN_OBJC_ROOT_CLASS = YES_ERROR;
				CLANG_WARN_QUOTED_INCLUDE_IN_FRAMEWORK_HEADER = YES;
				CLANG_WARN_RANGE_LOOP_ANALYSIS = YES;
				CLANG_WARN_STRICT_PROTOTYPES = YES;
				CLANG_WARN_SUSPICIOUS_MOVE = YES;
				CLANG_WARN_UNGUARDED_AVAILABILITY = YES_AGGRESSIVE;
				CLANG_WARN_UNREACHABLE_CODE = YES;
				CLANG_WARN__DUPLICATE_METHOD_MATCH = YES;
				COPY_PHASE_STRIP = NO;
				DEBUG_INFORMATION_FORMAT = dwarf;
				ENABLE_STRICT_OBJC_MSGSEND = YES;
				ENABLE_TESTABILITY = YES;
				GCC_C_LANGUAGE_STANDARD = gnu11;
				GCC_DYNAMIC_NO_PIC = NO;
				GCC_NO_COMMON_BLOCKS = YES;
				GCC_OPTIMIZATION_LEVEL = 0;
				GCC_PREPROCESSOR_DEFINITIONS = (
					"DEBUG=1",
					"$(inherited)",
				);
				GCC_WARN_64_TO_32_BIT_CONVERSION = YES;
				GCC_WARN_ABOUT_RETURN_TYPE = YES_ERROR;
				GCC_WARN_UNDECLARED_SELECTOR = YES;
				GCC_WARN_UNINITIALIZED_AUTOS = YES_AGGRESSIVE;
				GCC_WARN_UNUSED_FUNCTION = YES;
				GCC_WARN_UNUSED_VARIABLE = YES;
				IPHONEOS_DEPLOYMENT_TARGET = 14.1;
				MTL_ENABLE_DEBUG_INFO = INCLUDE_SOURCE;
				MTL_FAST_MATH = YES;
				ONLY_ACTIVE_ARCH = YES;
				SDKROOT = iphoneos;
				SWIFT_ACTIVE_COMPILATION_CONDITIONS = DEBUG;
				SWIFT_OPTIMIZATION_LEVEL = "-Onone";
			};
			name = Debug;
		};
		B62CAC1C2A6A7820005AD7AB /* Release */ = {
			isa = XCBuildConfiguration;
			buildSettings = {
				ALWAYS_SEARCH_USER_PATHS = NO;
				CLANG_ANALYZER_NONNULL = YES;
				CLANG_ANALYZER_NUMBER_OBJECT_CONVERSION = YES_AGGRESSIVE;
				CLANG_CXX_LANGUAGE_STANDARD = "gnu++14";
				CLANG_CXX_LIBRARY = "libc++";
				CLANG_ENABLE_MODULES = YES;
				CLANG_ENABLE_OBJC_ARC = YES;
				CLANG_ENABLE_OBJC_WEAK = YES;
				CLANG_WARN_BLOCK_CAPTURE_AUTORELEASING = YES;
				CLANG_WARN_BOOL_CONVERSION = YES;
				CLANG_WARN_COMMA = YES;
				CLANG_WARN_CONSTANT_CONVERSION = YES;
				CLANG_WARN_DEPRECATED_OBJC_IMPLEMENTATIONS = YES;
				CLANG_WARN_DIRECT_OBJC_ISA_USAGE = YES_ERROR;
				CLANG_WARN_DOCUMENTATION_COMMENTS = YES;
				CLANG_WARN_EMPTY_BODY = YES;
				CLANG_WARN_ENUM_CONVERSION = YES;
				CLANG_WARN_INFINITE_RECURSION = YES;
				CLANG_WARN_INT_CONVERSION = YES;
				CLANG_WARN_NON_LITERAL_NULL_CONVERSION = YES;
				CLANG_WARN_OBJC_IMPLICIT_RETAIN_SELF = YES;
				CLANG_WARN_OBJC_LITERAL_CONVERSION = YES;
				CLANG_WARN_OBJC_ROOT_CLASS = YES_ERROR;
				CLANG_WARN_QUOTED_INCLUDE_IN_FRAMEWORK_HEADER = YES;
				CLANG_WARN_RANGE_LOOP_ANALYSIS = YES;
				CLANG_WARN_STRICT_PROTOTYPES = YES;
				CLANG_WARN_SUSPICIOUS_MOVE = YES;
				CLANG_WARN_UNGUARDED_AVAILABILITY = YES_AGGRESSIVE;
				CLANG_WARN_UNREACHABLE_CODE = YES;
				CLANG_WARN__DUPLICATE_METHOD_MATCH = YES;
				COPY_PHASE_STRIP = NO;
				DEBUG_INFORMATION_FORMAT = "dwarf-with-dsym";
				ENABLE_NS_ASSERTIONS = NO;
				ENABLE_STRICT_OBJC_MSGSEND = YES;
				GCC_C_LANGUAGE_STANDARD = gnu11;
				GCC_NO_COMMON_BLOCKS = YES;
				GCC_WARN_64_TO_32_BIT_CONVERSION = YES;
				GCC_WARN_ABOUT_RETURN_TYPE = YES_ERROR;
				GCC_WARN_UNDECLARED_SELECTOR = YES;
				GCC_WARN_UNINITIALIZED_AUTOS = YES_AGGRESSIVE;
				GCC_WARN_UNUSED_FUNCTION = YES;
				GCC_WARN_UNUSED_VARIABLE = YES;
				IPHONEOS_DEPLOYMENT_TARGET = 14.1;
				MTL_ENABLE_DEBUG_INFO = NO;
				MTL_FAST_MATH = YES;
				SDKROOT = iphoneos;
				SWIFT_COMPILATION_MODE = wholemodule;
				SWIFT_OPTIMIZATION_LEVEL = "-O";
				VALIDATE_PRODUCT = YES;
			};
			name = Release;
		};
		B62CAC1E2A6A7820005AD7AB /* Debug */ = {
			isa = XCBuildConfiguration;
			buildSettings = {
				ASSETCATALOG_COMPILER_APPICON_NAME = AppIcon;
				ASSETCATALOG_COMPILER_GLOBAL_ACCENT_COLOR_NAME = AccentColor;
				CODE_SIGN_STYLE = Automatic;
				DEVELOPMENT_TEAM = M85NJXLM4F;
				INFOPLIST_FILE = TipSee/Info.plist;
				LD_RUNPATH_SEARCH_PATHS = (
					"$(inherited)",
					"@executable_path/Frameworks",
				);
				PRODUCT_BUNDLE_IDENTIFIER = com.newtechieblog.wordpress.TipSee;
				PRODUCT_NAME = "$(TARGET_NAME)";
				SWIFT_VERSION = 5.0;
				TARGETED_DEVICE_FAMILY = "1,2";
			};
			name = Debug;
		};
		B62CAC1F2A6A7820005AD7AB /* Release */ = {
			isa = XCBuildConfiguration;
			buildSettings = {
				ASSETCATALOG_COMPILER_APPICON_NAME = AppIcon;
				ASSETCATALOG_COMPILER_GLOBAL_ACCENT_COLOR_NAME = AccentColor;
				CODE_SIGN_STYLE = Automatic;
				DEVELOPMENT_TEAM = M85NJXLM4F;
				INFOPLIST_FILE = TipSee/Info.plist;
				LD_RUNPATH_SEARCH_PATHS = (
					"$(inherited)",
					"@executable_path/Frameworks",
				);
				PRODUCT_BUNDLE_IDENTIFIER = com.newtechieblog.wordpress.TipSee;
				PRODUCT_NAME = "$(TARGET_NAME)";
				SWIFT_VERSION = 5.0;
				TARGETED_DEVICE_FAMILY = "1,2";
			};
			name = Release;
		};
/* End XCBuildConfiguration section */

/* Begin XCConfigurationList section */
		B62CAC042A6A781E005AD7AB /* Build configuration list for PBXProject "TipSee" */ = {
			isa = XCConfigurationList;
			buildConfigurations = (
				B62CAC1B2A6A7820005AD7AB /* Debug */,
				B62CAC1C2A6A7820005AD7AB /* Release */,
			);
			defaultConfigurationIsVisible = 0;
			defaultConfigurationName = Release;
		};
		B62CAC1D2A6A7820005AD7AB /* Build configuration list for PBXNativeTarget "TipSee" */ = {
			isa = XCConfigurationList;
			buildConfigurations = (
				B62CAC1E2A6A7820005AD7AB /* Debug */,
				B62CAC1F2A6A7820005AD7AB /* Release */,
			);
			defaultConfigurationIsVisible = 0;
			defaultConfigurationName = Release;
		};
/* End XCConfigurationList section */
	};
	rootObject = B62CAC012A6A781E005AD7AB /* Project object */;
}
